
Microsoft Visual Studio Solution File, Format Version 12.00
# Visual Studio Version 17
VisualStudioVersion = 17.8.34309.116
MinimumVisualStudioVersion = 10.0.40219.1
Project("{2150E333-8FDC-42A3-9474-1A3956D46DE8}") = "Solution Items", "Solution Items", "{7F9B18B2-AA89-4073-B940-BD3DCA0C4A0A}"
	ProjectSection(SolutionItems) = preProject
		.editorconfig = .editorconfig
		.gitignore = .gitignore
	EndProjectSection
EndProject
Project("{2150E333-8FDC-42A3-9474-1A3956D46DE8}") = "src", "src", "{3CC49779-9561-494D-BAA2-9A0EB6629970}"
EndProject
Project("{2150E333-8FDC-42A3-9474-1A3956D46DE8}") = "tests", "tests", "{91F94114-D0BC-49C4-B4E5-874824E649DD}"
EndProject
Project("{2150E333-8FDC-42A3-9474-1A3956D46DE8}") = "Core", "Core", "{EE4E8CA8-9104-4856-BBB3-0E8ED4C28E88}"
EndProject
Project("{9A19103F-16F7-4668-BE54-9A1E7A4F7556}") = "Domain", "src\Domain\Domain.csproj", "{B8A8770F-9378-4818-85A9-8B51006C4873}"
EndProject
Project("{9A19103F-16F7-4668-BE54-9A1E7A4F7556}") = "Domain.UnitTests", "tests\Domain.UnitTests\Domain.UnitTests.csproj", "{F2DB7AA8-8470-447C-93F9-EB99DBDCD20F}"
EndProject
Project("{2150E333-8FDC-42A3-9474-1A3956D46DE8}") = "Infrastructure", "Infrastructure", "{43F00A2B-E3DF-4A21-8603-3F32C691058B}"
EndProject
Project("{9A19103F-16F7-4668-BE54-9A1E7A4F7556}") = "Persistence", "src\Persistence\Persistence.csproj", "{032BBBFE-600C-4E44-80CA-70363D8D9329}"
EndProject
Project("{9A19103F-16F7-4668-BE54-9A1E7A4F7556}") = "Application", "src\Application\Application.csproj", "{1F088433-EE73-48A0-9198-3C88729F6C8E}"
EndProject
Project("{9A19103F-16F7-4668-BE54-9A1E7A4F7556}") = "ApplicationUnitTests", "tests\ApplicationUnitTests\ApplicationUnitTests.csproj", "{CC28555B-98B4-4927-AF4A-4602127C4834}"
EndProject
Project("{2150E333-8FDC-42A3-9474-1A3956D46DE8}") = "Presentation", "Presentation", "{FB3A43D6-8FA7-4F06-84EB-1A4920BC70A9}"
EndProject
Project("{9A19103F-16F7-4668-BE54-9A1E7A4F7556}") = "Web", "src\Web\Web.csproj", "{46024E9D-B54E-4307-ADC1-4A9ED8C13610}"
EndProject
Project("{FAE04EC0-301F-11D3-BF4B-00C04F79EFBC}") = "Infrastructure", "src\Infrastructure\Infrastructure.csproj", "{ECDA5038-6540-4568-AFD9-08809C5A88A1}"
EndProject
Global
	GlobalSection(SolutionConfigurationPlatforms) = preSolution
		Debug|Any CPU = Debug|Any CPU
		Release|Any CPU = Release|Any CPU
	EndGlobalSection
	GlobalSection(ProjectConfigurationPlatforms) = postSolution
		{B8A8770F-9378-4818-85A9-8B51006C4873}.Debug|Any CPU.ActiveCfg = Debug|Any CPU
		{B8A8770F-9378-4818-85A9-8B51006C4873}.Debug|Any CPU.Build.0 = Debug|Any CPU
		{B8A8770F-9378-4818-85A9-8B51006C4873}.Release|Any CPU.ActiveCfg = Release|Any CPU
		{B8A8770F-9378-4818-85A9-8B51006C4873}.Release|Any CPU.Build.0 = Release|Any CPU
		{F2DB7AA8-8470-447C-93F9-EB99DBDCD20F}.Debug|Any CPU.ActiveCfg = Debug|Any CPU
		{F2DB7AA8-8470-447C-93F9-EB99DBDCD20F}.Debug|Any CPU.Build.0 = Debug|Any CPU
		{F2DB7AA8-8470-447C-93F9-EB99DBDCD20F}.Release|Any CPU.ActiveCfg = Release|Any CPU
		{F2DB7AA8-8470-447C-93F9-EB99DBDCD20F}.Release|Any CPU.Build.0 = Release|Any CPU
		{032BBBFE-600C-4E44-80CA-70363D8D9329}.Debug|Any CPU.ActiveCfg = Debug|Any CPU
		{032BBBFE-600C-4E44-80CA-70363D8D9329}.Debug|Any CPU.Build.0 = Debug|Any CPU
		{032BBBFE-600C-4E44-80CA-70363D8D9329}.Release|Any CPU.ActiveCfg = Release|Any CPU
		{032BBBFE-600C-4E44-80CA-70363D8D9329}.Release|Any CPU.Build.0 = Release|Any CPU
		{1F088433-EE73-48A0-9198-3C88729F6C8E}.Debug|Any CPU.ActiveCfg = Debug|Any CPU
		{1F088433-EE73-48A0-9198-3C88729F6C8E}.Debug|Any CPU.Build.0 = Debug|Any CPU
		{1F088433-EE73-48A0-9198-3C88729F6C8E}.Release|Any CPU.ActiveCfg = Release|Any CPU
		{1F088433-EE73-48A0-9198-3C88729F6C8E}.Release|Any CPU.Build.0 = Release|Any CPU
		{CC28555B-98B4-4927-AF4A-4602127C4834}.Debug|Any CPU.ActiveCfg = Debug|Any CPU
		{CC28555B-98B4-4927-AF4A-4602127C4834}.Debug|Any CPU.Build.0 = Debug|Any CPU
		{CC28555B-98B4-4927-AF4A-4602127C4834}.Release|Any CPU.ActiveCfg = Release|Any CPU
		{CC28555B-98B4-4927-AF4A-4602127C4834}.Release|Any CPU.Build.0 = Release|Any CPU
		{46024E9D-B54E-4307-ADC1-4A9ED8C13610}.Debug|Any CPU.ActiveCfg = Debug|Any CPU
		{46024E9D-B54E-4307-ADC1-4A9ED8C13610}.Debug|Any CPU.Build.0 = Debug|Any CPU
		{46024E9D-B54E-4307-ADC1-4A9ED8C13610}.Release|Any CPU.ActiveCfg = Release|Any CPU
		{46024E9D-B54E-4307-ADC1-4A9ED8C13610}.Release|Any CPU.Build.0 = Release|Any CPU
		{ECDA5038-6540-4568-AFD9-08809C5A88A1}.Debug|Any CPU.ActiveCfg = Debug|Any CPU
		{ECDA5038-6540-4568-AFD9-08809C5A88A1}.Debug|Any CPU.Build.0 = Debug|Any CPU
		{ECDA5038-6540-4568-AFD9-08809C5A88A1}.Release|Any CPU.ActiveCfg = Release|Any CPU
		{ECDA5038-6540-4568-AFD9-08809C5A88A1}.Release|Any CPU.Build.0 = Release|Any CPU
	EndGlobalSection
	GlobalSection(SolutionProperties) = preSolution
		HideSolutionNode = FALSE
	EndGlobalSection
	GlobalSection(NestedProjects) = preSolution
		{EE4E8CA8-9104-4856-BBB3-0E8ED4C28E88} = {3CC49779-9561-494D-BAA2-9A0EB6629970}
		{B8A8770F-9378-4818-85A9-8B51006C4873} = {EE4E8CA8-9104-4856-BBB3-0E8ED4C28E88}
		{F2DB7AA8-8470-447C-93F9-EB99DBDCD20F} = {91F94114-D0BC-49C4-B4E5-874824E649DD}
		{43F00A2B-E3DF-4A21-8603-3F32C691058B} = {3CC49779-9561-494D-BAA2-9A0EB6629970}
		{032BBBFE-600C-4E44-80CA-70363D8D9329} = {43F00A2B-E3DF-4A21-8603-3F32C691058B}
		{1F088433-EE73-48A0-9198-3C88729F6C8E} = {EE4E8CA8-9104-4856-BBB3-0E8ED4C28E88}
		{CC28555B-98B4-4927-AF4A-4602127C4834} = {91F94114-D0BC-49C4-B4E5-874824E649DD}
		{FB3A43D6-8FA7-4F06-84EB-1A4920BC70A9} = {3CC49779-9561-494D-BAA2-9A0EB6629970}
		{46024E9D-B54E-4307-ADC1-4A9ED8C13610} = {FB3A43D6-8FA7-4F06-84EB-1A4920BC70A9}
		{ECDA5038-6540-4568-AFD9-08809C5A88A1} = {43F00A2B-E3DF-4A21-8603-3F32C691058B}
	EndGlobalSection
	GlobalSection(ExtensibilityGlobals) = postSolution
		SolutionGuid = {DC33061B-E2DE-42E6-A41E-B6C5F7987D1A}
	EndGlobalSection
EndGlobal
